# THIS IS AN AUTOGENERATED FILE. DO NOT EDIT THIS FILE DIRECTLY.
# yarn lockfile v1


"@tinymce/tinymce-jquery@^2.0.0":
  version "2.0.0"
  resolved "https://registry.yarnpkg.com/@tinymce/tinymce-jquery/-/tinymce-jquery-2.0.0.tgz#2ecd445b8ed6b9d2dd9194fe2a19f83efa34520e"
  integrity sha512-afxm4UVIsi8roxyFiZu+SX4pARyYRWDw3XsMFu4E2eQwuTNpO+jA7qdbqCx3zzcl68clie4jAPmxSUUiJMabEQ==

jquery@^3.6.0:
  version "3.6.0"
  resolved "https://registry.yarnpkg.com/jquery/-/jquery-3.6.0.tgz#c72a09f15c1bdce142f49dbf1170bdf8adac2470"
  integrity sha512-JVzAR/AjBvVt2BmYhxRCSYysDsPcssdmTFnzyLEts9qNwmjmu4JTAMYubEfwVOSwpQ1I1sKKFcxhZCI2buerfw==

tinymce@5.10.2:
  version "5.10.2"
  resolved "https://registry.yarnpkg.com/tinymce/-/tinymce-5.10.2.tgz#cf1ff01025909be26c64348509e6de8e70d58e1d"
  integrity sha512-5QhnZ6c8F28fYucLLc00MM37fZoAZ4g7QCYzwIl38i5TwJR5xGqzOv6YMideyLM4tytCzLCRwJoQen2LI66p5A==
