# THIS IS AN AUTOGENERATED FILE. DO NOT EDIT THIS FILE DIRECTLY.
# yarn lockfile v1


"@tinymce/tinymce-jquery@^2.0.0":
  version "2.0.0"
  resolved "https://registry.yarnpkg.com/@tinymce/tinymce-jquery/-/tinymce-jquery-2.0.0.tgz#2ecd445b8ed6b9d2dd9194fe2a19f83efa34520e"
  integrity sha512-afxm4UVIsi8roxyFiZu+SX4pARyYRWDw3XsMFu4E2eQwuTNpO+jA7qdbqCx3zzcl68clie4jAPmxSUUiJMabEQ==

jquery@^3.6.0:
  version "3.6.0"
  resolved "https://registry.yarnpkg.com/jquery/-/jquery-3.6.0.tgz#c72a09f15c1bdce142f49dbf1170bdf8adac2470"
  integrity sha512-JVzAR/AjBvVt2BmYhxRCSYysDsPcssdmTFnzyLEts9qNwmjmu4JTAMYubEfwVOSwpQ1I1sKKFcxhZCI2buerfw==

tinymce@6.1.0:
  version "6.1.0"
  resolved "https://registry.yarnpkg.com/tinymce/-/tinymce-6.1.0.tgz#a5e13307646f2e6e1fd2923dcb664647afe3a93c"
  integrity sha512-IdSdMlmuyhpEpUuabhBUaRC2NzZZxP2/CO/F+/54kTaAifB1Et5mKEty03pJYZxl6GBdFgclKRA2UU5JKJtJbA==
